// !$*UTF8*$!
{
	archiveVersion = 1;
	classes = {
	};
	objectVersion = 56;
	objects = {

/* Begin PBXBuildFile section */
		D72A92CD2C8EDB5D003B62C8 /* HeavyPdWrapper.cpp in Sources */ = {isa = PBXBuildFile; fileRef = D72A92CB2C8EDB5D003B62C8 /* HeavyPdWrapper.cpp */; };
		D72A92CE2C8EDB5D003B62C8 /* HeavyPdWrapper.hpp in Headers */ = {isa = PBXBuildFile; fileRef = D72A92CC2C8EDB5D003B62C8 /* HeavyPdWrapper.hpp */; };
		D72A93262C90D712003B62C8 /* HeavyPd_FMOD.cpp in Sources */ = {isa = PBXBuildFile; fileRef = D72A93252C90D712003B62C8 /* HeavyPd_FMOD.cpp */; };
		D7FEB8322CA3BC690040EB6C /* Heavy_SimpleGain.cpp in Sources */ = {isa = PBXBuildFile; fileRef = D7FEB8172CA3BC690040EB6C /* Heavy_SimpleGain.cpp */; };
		D7FEB8332CA3BC690040EB6C /* Heavy_SimpleGain.h in Headers */ = {isa = PBXBuildFile; fileRef = D7FEB8182CA3BC690040EB6C /* Heavy_SimpleGain.h */; };
		D7FEB8342CA3BC690040EB6C /* Heavy_SimpleGain.hpp in Headers */ = {isa = PBXBuildFile; fileRef = D7FEB8192CA3BC690040EB6C /* Heavy_SimpleGain.hpp */; };
		D7FEB8352CA3BC690040EB6C /* HeavyContext.cpp in Sources */ = {isa = PBXBuildFile; fileRef = D7FEB81A2CA3BC690040EB6C /* HeavyContext.cpp */; };
		D7FEB8362CA3BC690040EB6C /* HeavyContext.hpp in Headers */ = {isa = PBXBuildFile; fileRef = D7FEB81B2CA3BC690040EB6C /* HeavyContext.hpp */; };
		D7FEB8372CA3BC690040EB6C /* HeavyContextInterface.hpp in Headers */ = {isa = PBXBuildFile; fileRef = D7FEB81C2CA3BC690040EB6C /* HeavyContextInterface.hpp */; };
		D7FEB8382CA3BC690040EB6C /* HvControlPrint.c in Sources */ = {isa = PBXBuildFile; fileRef = D7FEB81D2CA3BC690040EB6C /* HvControlPrint.c */; };
		D7FEB8392CA3BC690040EB6C /* HvControlPrint.h in Headers */ = {isa = PBXBuildFile; fileRef = D7FEB81E2CA3BC690040EB6C /* HvControlPrint.h */; };
		D7FEB83A2CA3BC690040EB6C /* HvHeavy.cpp in Sources */ = {isa = PBXBuildFile; fileRef = D7FEB81F2CA3BC690040EB6C /* HvHeavy.cpp */; };
		D7FEB83B2CA3BC690040EB6C /* HvHeavy.h in Headers */ = {isa = PBXBuildFile; fileRef = D7FEB8202CA3BC690040EB6C /* HvHeavy.h */; };
		D7FEB83C2CA3BC690040EB6C /* HvHeavyInternal.h in Headers */ = {isa = PBXBuildFile; fileRef = D7FEB8212CA3BC690040EB6C /* HvHeavyInternal.h */; };
		D7FEB83D2CA3BC690040EB6C /* HvLightPipe.c in Sources */ = {isa = PBXBuildFile; fileRef = D7FEB8222CA3BC690040EB6C /* HvLightPipe.c */; };
		D7FEB83E2CA3BC690040EB6C /* HvLightPipe.h in Headers */ = {isa = PBXBuildFile; fileRef = D7FEB8232CA3BC690040EB6C /* HvLightPipe.h */; };
		D7FEB83F2CA3BC690040EB6C /* HvMath.h in Headers */ = {isa = PBXBuildFile; fileRef = D7FEB8242CA3BC690040EB6C /* HvMath.h */; };
		D7FEB8402CA3BC690040EB6C /* HvMessage.c in Sources */ = {isa = PBXBuildFile; fileRef = D7FEB8252CA3BC690040EB6C /* HvMessage.c */; };
		D7FEB8412CA3BC690040EB6C /* HvMessage.h in Headers */ = {isa = PBXBuildFile; fileRef = D7FEB8262CA3BC690040EB6C /* HvMessage.h */; };
		D7FEB8422CA3BC690040EB6C /* HvMessagePool.c in Sources */ = {isa = PBXBuildFile; fileRef = D7FEB8272CA3BC690040EB6C /* HvMessagePool.c */; };
		D7FEB8432CA3BC690040EB6C /* HvMessagePool.h in Headers */ = {isa = PBXBuildFile; fileRef = D7FEB8282CA3BC690040EB6C /* HvMessagePool.h */; };
		D7FEB8442CA3BC690040EB6C /* HvMessageQueue.c in Sources */ = {isa = PBXBuildFile; fileRef = D7FEB8292CA3BC690040EB6C /* HvMessageQueue.c */; };
		D7FEB8452CA3BC690040EB6C /* HvMessageQueue.h in Headers */ = {isa = PBXBuildFile; fileRef = D7FEB82A2CA3BC690040EB6C /* HvMessageQueue.h */; };
		D7FEB8462CA3BC690040EB6C /* HvSignalLine.c in Sources */ = {isa = PBXBuildFile; fileRef = D7FEB82B2CA3BC690040EB6C /* HvSignalLine.c */; };
		D7FEB8472CA3BC690040EB6C /* HvSignalLine.h in Headers */ = {isa = PBXBuildFile; fileRef = D7FEB82C2CA3BC690040EB6C /* HvSignalLine.h */; };
		D7FEB8482CA3BC690040EB6C /* HvTable.c in Sources */ = {isa = PBXBuildFile; fileRef = D7FEB82D2CA3BC690040EB6C /* HvTable.c */; };
		D7FEB8492CA3BC690040EB6C /* HvTable.h in Headers */ = {isa = PBXBuildFile; fileRef = D7FEB82E2CA3BC690040EB6C /* HvTable.h */; };
		D7FEB84A2CA3BC690040EB6C /* HvUtils.c in Sources */ = {isa = PBXBuildFile; fileRef = D7FEB82F2CA3BC690040EB6C /* HvUtils.c */; };
		D7FEB84B2CA3BC690040EB6C /* HvUtils.h in Headers */ = {isa = PBXBuildFile; fileRef = D7FEB8302CA3BC690040EB6C /* HvUtils.h */; };
/* End PBXBuildFile section */

/* Begin PBXFileReference section */
		D72A92BF2C8ED692003B62C8 /* libHeavyPd-FMOD-Wrapper.dylib */ = {isa = PBXFileReference; explicitFileType = "compiled.mach-o.dylib"; includeInIndex = 0; path = "libHeavyPd-FMOD-Wrapper.dylib"; sourceTree = BUILT_PRODUCTS_DIR; };
		D72A92CB2C8EDB5D003B62C8 /* HeavyPdWrapper.cpp */ = {isa = PBXFileReference; lastKnownFileType = sourcecode.cpp.cpp; path = HeavyPdWrapper.cpp; sourceTree = "<group>"; };
		D72A92CC2C8EDB5D003B62C8 /* HeavyPdWrapper.hpp */ = {isa = PBXFileReference; lastKnownFileType = sourcecode.cpp.h; path = HeavyPdWrapper.hpp; sourceTree = "<group>"; };
		D72A93252C90D712003B62C8 /* HeavyPd_FMOD.cpp */ = {isa = PBXFileReference; fileEncoding = 4; lastKnownFileType = sourcecode.cpp.cpp; name = HeavyPd_FMOD.cpp; path = "../../HeavyPd-FMOD-Wrapper/HeavyPdWrapper/HeavyPd_FMOD.cpp"; sourceTree = "<group>"; };
		D7FEB8172CA3BC690040EB6C /* Heavy_SimpleGain.cpp */ = {isa = PBXFileReference; fileEncoding = 4; lastKnownFileType = sourcecode.cpp.cpp; path = Heavy_SimpleGain.cpp; sourceTree = "<group>"; };
		D7FEB8182CA3BC690040EB6C /* Heavy_SimpleGain.h */ = {isa = PBXFileReference; fileEncoding = 4; lastKnownFileType = sourcecode.c.h; path = Heavy_SimpleGain.h; sourceTree = "<group>"; };
		D7FEB8192CA3BC690040EB6C /* Heavy_SimpleGain.hpp */ = {isa = PBXFileReference; fileEncoding = 4; lastKnownFileType = sourcecode.cpp.h; path = Heavy_SimpleGain.hpp; sourceTree = "<group>"; };
		D7FEB81A2CA3BC690040EB6C /* HeavyContext.cpp */ = {isa = PBXFileReference; fileEncoding = 4; lastKnownFileType = sourcecode.cpp.cpp; path = HeavyContext.cpp; sourceTree = "<group>"; };
		D7FEB81B2CA3BC690040EB6C /* HeavyContext.hpp */ = {isa = PBXFileReference; fileEncoding = 4; lastKnownFileType = sourcecode.cpp.h; path = HeavyContext.hpp; sourceTree = "<group>"; };
		D7FEB81C2CA3BC690040EB6C /* HeavyContextInterface.hpp */ = {isa = PBXFileReference; fileEncoding = 4; lastKnownFileType = sourcecode.cpp.h; path = HeavyContextInterface.hpp; sourceTree = "<group>"; };
		D7FEB81D2CA3BC690040EB6C /* HvControlPrint.c */ = {isa = PBXFileReference; fileEncoding = 4; lastKnownFileType = sourcecode.c.c; path = HvControlPrint.c; sourceTree = "<group>"; };
		D7FEB81E2CA3BC690040EB6C /* HvControlPrint.h */ = {isa = PBXFileReference; fileEncoding = 4; lastKnownFileType = sourcecode.c.h; path = HvControlPrint.h; sourceTree = "<group>"; };
		D7FEB81F2CA3BC690040EB6C /* HvHeavy.cpp */ = {isa = PBXFileReference; fileEncoding = 4; lastKnownFileType = sourcecode.cpp.cpp; path = HvHeavy.cpp; sourceTree = "<group>"; };
		D7FEB8202CA3BC690040EB6C /* HvHeavy.h */ = {isa = PBXFileReference; fileEncoding = 4; lastKnownFileType = sourcecode.c.h; path = HvHeavy.h; sourceTree = "<group>"; };
		D7FEB8212CA3BC690040EB6C /* HvHeavyInternal.h */ = {isa = PBXFileReference; fileEncoding = 4; lastKnownFileType = sourcecode.c.h; path = HvHeavyInternal.h; sourceTree = "<group>"; };
		D7FEB8222CA3BC690040EB6C /* HvLightPipe.c */ = {isa = PBXFileReference; fileEncoding = 4; lastKnownFileType = sourcecode.c.c; path = HvLightPipe.c; sourceTree = "<group>"; };
		D7FEB8232CA3BC690040EB6C /* HvLightPipe.h */ = {isa = PBXFileReference; fileEncoding = 4; lastKnownFileType = sourcecode.c.h; path = HvLightPipe.h; sourceTree = "<group>"; };
		D7FEB8242CA3BC690040EB6C /* HvMath.h */ = {isa = PBXFileReference; fileEncoding = 4; lastKnownFileType = sourcecode.c.h; path = HvMath.h; sourceTree = "<group>"; };
		D7FEB8252CA3BC690040EB6C /* HvMessage.c */ = {isa = PBXFileReference; fileEncoding = 4; lastKnownFileType = sourcecode.c.c; path = HvMessage.c; sourceTree = "<group>"; };
		D7FEB8262CA3BC690040EB6C /* HvMessage.h */ = {isa = PBXFileReference; fileEncoding = 4; lastKnownFileType = sourcecode.c.h; path = HvMessage.h; sourceTree = "<group>"; };
		D7FEB8272CA3BC690040EB6C /* HvMessagePool.c */ = {isa = PBXFileReference; fileEncoding = 4; lastKnownFileType = sourcecode.c.c; path = HvMessagePool.c; sourceTree = "<group>"; };
		D7FEB8282CA3BC690040EB6C /* HvMessagePool.h */ = {isa = PBXFileReference; fileEncoding = 4; lastKnownFileType = sourcecode.c.h; path = HvMessagePool.h; sourceTree = "<group>"; };
		D7FEB8292CA3BC690040EB6C /* HvMessageQueue.c */ = {isa = PBXFileReference; fileEncoding = 4; lastKnownFileType = sourcecode.c.c; path = HvMessageQueue.c; sourceTree = "<group>"; };
		D7FEB82A2CA3BC690040EB6C /* HvMessageQueue.h */ = {isa = PBXFileReference; fileEncoding = 4; lastKnownFileType = sourcecode.c.h; path = HvMessageQueue.h; sourceTree = "<group>"; };
		D7FEB82B2CA3BC690040EB6C /* HvSignalLine.c */ = {isa = PBXFileReference; fileEncoding = 4; lastKnownFileType = sourcecode.c.c; path = HvSignalLine.c; sourceTree = "<group>"; };
		D7FEB82C2CA3BC690040EB6C /* HvSignalLine.h */ = {isa = PBXFileReference; fileEncoding = 4; lastKnownFileType = sourcecode.c.h; path = HvSignalLine.h; sourceTree = "<group>"; };
		D7FEB82D2CA3BC690040EB6C /* HvTable.c */ = {isa = PBXFileReference; fileEncoding = 4; lastKnownFileType = sourcecode.c.c; path = HvTable.c; sourceTree = "<group>"; };
		D7FEB82E2CA3BC690040EB6C /* HvTable.h */ = {isa = PBXFileReference; fileEncoding = 4; lastKnownFileType = sourcecode.c.h; path = HvTable.h; sourceTree = "<group>"; };
		D7FEB82F2CA3BC690040EB6C /* HvUtils.c */ = {isa = PBXFileReference; fileEncoding = 4; lastKnownFileType = sourcecode.c.c; path = HvUtils.c; sourceTree = "<group>"; };
		D7FEB8302CA3BC690040EB6C /* HvUtils.h */ = {isa = PBXFileReference; fileEncoding = 4; lastKnownFileType = sourcecode.c.h; path = HvUtils.h; sourceTree = "<group>"; };
/* End PBXFileReference section */

/* Begin PBXFrameworksBuildPhase section */
		D72A92BD2C8ED692003B62C8 /* Frameworks */ = {
			isa = PBXFrameworksBuildPhase;
			buildActionMask = 2147483647;
			files = (
			);
			runOnlyForDeploymentPostprocessing = 0;
		};
/* End PBXFrameworksBuildPhase section */

/* Begin PBXGroup section */
		D72A92B62C8ED691003B62C8 = {
			isa = PBXGroup;
			children = (
				D72A93092C8F96DD003B62C8 /* SrcExportDir */,
				D72A92CA2C8EDA8C003B62C8 /* HeavyPdWrapper */,
				D72A92C02C8ED692003B62C8 /* Products */,
			);
			sourceTree = "<group>";
		};
		D72A92C02C8ED692003B62C8 /* Products */ = {
			isa = PBXGroup;
			children = (
				D72A92BF2C8ED692003B62C8 /* libHeavyPd-FMOD-Wrapper.dylib */,
			);
			name = Products;
			sourceTree = "<group>";
		};
		D72A92CA2C8EDA8C003B62C8 /* HeavyPdWrapper */ = {
			isa = PBXGroup;
			children = (
				D72A93252C90D712003B62C8 /* HeavyPd_FMOD.cpp */,
				D72A92CB2C8EDB5D003B62C8 /* HeavyPdWrapper.cpp */,
				D72A92CC2C8EDB5D003B62C8 /* HeavyPdWrapper.hpp */,
			);
			path = HeavyPdWrapper;
			sourceTree = "<group>";
		};
		D72A93092C8F96DD003B62C8 /* SrcExportDir */ = {
			isa = PBXGroup;
			children = (
				D7FEB8312CA3BC690040EB6C /* c */,
			);
			path = SrcExportDir;
			sourceTree = "<group>";
		};
		D7FEB8312CA3BC690040EB6C /* c */ = {
			isa = PBXGroup;
			children = (
				D7FEB8172CA3BC690040EB6C /* Heavy_SimpleGain.cpp */,
				D7FEB8182CA3BC690040EB6C /* Heavy_SimpleGain.h */,
				D7FEB8192CA3BC690040EB6C /* Heavy_SimpleGain.hpp */,
				D7FEB81A2CA3BC690040EB6C /* HeavyContext.cpp */,
				D7FEB81B2CA3BC690040EB6C /* HeavyContext.hpp */,
				D7FEB81C2CA3BC690040EB6C /* HeavyContextInterface.hpp */,
				D7FEB81D2CA3BC690040EB6C /* HvControlPrint.c */,
				D7FEB81E2CA3BC690040EB6C /* HvControlPrint.h */,
				D7FEB81F2CA3BC690040EB6C /* HvHeavy.cpp */,
				D7FEB8202CA3BC690040EB6C /* HvHeavy.h */,
				D7FEB8212CA3BC690040EB6C /* HvHeavyInternal.h */,
				D7FEB8222CA3BC690040EB6C /* HvLightPipe.c */,
				D7FEB8232CA3BC690040EB6C /* HvLightPipe.h */,
				D7FEB8242CA3BC690040EB6C /* HvMath.h */,
				D7FEB8252CA3BC690040EB6C /* HvMessage.c */,
				D7FEB8262CA3BC690040EB6C /* HvMessage.h */,
				D7FEB8272CA3BC690040EB6C /* HvMessagePool.c */,
				D7FEB8282CA3BC690040EB6C /* HvMessagePool.h */,
				D7FEB8292CA3BC690040EB6C /* HvMessageQueue.c */,
				D7FEB82A2CA3BC690040EB6C /* HvMessageQueue.h */,
				D7FEB82B2CA3BC690040EB6C /* HvSignalLine.c */,
				D7FEB82C2CA3BC690040EB6C /* HvSignalLine.h */,
				D7FEB82D2CA3BC690040EB6C /* HvTable.c */,
				D7FEB82E2CA3BC690040EB6C /* HvTable.h */,
				D7FEB82F2CA3BC690040EB6C /* HvUtils.c */,
				D7FEB8302CA3BC690040EB6C /* HvUtils.h */,
			);
			name = c;
			path = ../../../../Documents/plugdata/Patches/Exports/SimpleGain/c;
			sourceTree = "<group>";
		};
/* End PBXGroup section */

/* Begin PBXHeadersBuildPhase section */
		D72A92BB2C8ED692003B62C8 /* Headers */ = {
			isa = PBXHeadersBuildPhase;
			buildActionMask = 2147483647;
			files = (
				D7FEB8392CA3BC690040EB6C /* HvControlPrint.h in Headers */,
				D7FEB8362CA3BC690040EB6C /* HeavyContext.hpp in Headers */,
				D7FEB83E2CA3BC690040EB6C /* HvLightPipe.h in Headers */,
				D7FEB8452CA3BC690040EB6C /* HvMessageQueue.h in Headers */,
				D7FEB8372CA3BC690040EB6C /* HeavyContextInterface.hpp in Headers */,
				D7FEB8492CA3BC690040EB6C /* HvTable.h in Headers */,
				D7FEB8412CA3BC690040EB6C /* HvMessage.h in Headers */,
				D7FEB83F2CA3BC690040EB6C /* HvMath.h in Headers */,
				D7FEB8432CA3BC690040EB6C /* HvMessagePool.h in Headers */,
				D7FEB8472CA3BC690040EB6C /* HvSignalLine.h in Headers */,
				D7FEB8342CA3BC690040EB6C /* Heavy_SimpleGain.hpp in Headers */,
				D72A92CE2C8EDB5D003B62C8 /* HeavyPdWrapper.hpp in Headers */,
				D7FEB83B2CA3BC690040EB6C /* HvHeavy.h in Headers */,
				D7FEB8332CA3BC690040EB6C /* Heavy_SimpleGain.h in Headers */,
				D7FEB84B2CA3BC690040EB6C /* HvUtils.h in Headers */,
				D7FEB83C2CA3BC690040EB6C /* HvHeavyInternal.h in Headers */,
			);
			runOnlyForDeploymentPostprocessing = 0;
		};
/* End PBXHeadersBuildPhase section */

/* Begin PBXNativeTarget section */
		D72A92BE2C8ED692003B62C8 /* HeavyPd-FMOD-Wrapper */ = {
			isa = PBXNativeTarget;
			buildConfigurationList = D72A92C32C8ED692003B62C8 /* Build configuration list for PBXNativeTarget "HeavyPd-FMOD-Wrapper" */;
			buildPhases = (
				D72A92BB2C8ED692003B62C8 /* Headers */,
				D72A92BC2C8ED692003B62C8 /* Sources */,
				D72A92BD2C8ED692003B62C8 /* Frameworks */,
			);
			buildRules = (
			);
			dependencies = (
			);
			name = "HeavyPd-FMOD-Wrapper";
			productName = "HeavyPD-FMOD-Wrapper";
			productReference = D72A92BF2C8ED692003B62C8 /* libHeavyPd-FMOD-Wrapper.dylib */;
			productType = "com.apple.product-type.library.dynamic";
		};
/* End PBXNativeTarget section */

/* Begin PBXProject section */
		D72A92B72C8ED691003B62C8 /* Project object */ = {
			isa = PBXProject;
			attributes = {
				BuildIndependentTargetsInParallel = 1;
				LastUpgradeCheck = 1530;
				TargetAttributes = {
					D72A92BE2C8ED692003B62C8 = {
						CreatedOnToolsVersion = 15.3;
					};
				};
			};
			buildConfigurationList = D72A92BA2C8ED691003B62C8 /* Build configuration list for PBXProject "HeavyPd-FMOD-Wrapper" */;
			compatibilityVersion = "Xcode 14.0";
			developmentRegion = en;
			hasScannedForEncodings = 0;
			knownRegions = (
				en,
				Base,
			);
			mainGroup = D72A92B62C8ED691003B62C8;
			productRefGroup = D72A92C02C8ED692003B62C8 /* Products */;
			projectDirPath = "";
			projectRoot = "";
			targets = (
				D72A92BE2C8ED692003B62C8 /* HeavyPd-FMOD-Wrapper */,
			);
		};
/* End PBXProject section */

/* Begin PBXSourcesBuildPhase section */
		D72A92BC2C8ED692003B62C8 /* Sources */ = {
			isa = PBXSourcesBuildPhase;
			buildActionMask = 2147483647;
			files = (
				D7FEB84A2CA3BC690040EB6C /* HvUtils.c in Sources */,
				D7FEB8382CA3BC690040EB6C /* HvControlPrint.c in Sources */,
				D7FEB8462CA3BC690040EB6C /* HvSignalLine.c in Sources */,
				D7FEB8442CA3BC690040EB6C /* HvMessageQueue.c in Sources */,
				D7FEB83D2CA3BC690040EB6C /* HvLightPipe.c in Sources */,
				D72A92CD2C8EDB5D003B62C8 /* HeavyPdWrapper.cpp in Sources */,
				D7FEB8422CA3BC690040EB6C /* HvMessagePool.c in Sources */,
				D72A93262C90D712003B62C8 /* HeavyPd_FMOD.cpp in Sources */,
				D7FEB8322CA3BC690040EB6C /* Heavy_SimpleGain.cpp in Sources */,
				D7FEB8482CA3BC690040EB6C /* HvTable.c in Sources */,
				D7FEB8352CA3BC690040EB6C /* HeavyContext.cpp in Sources */,
				D7FEB83A2CA3BC690040EB6C /* HvHeavy.cpp in Sources */,
				D7FEB8402CA3BC690040EB6C /* HvMessage.c in Sources */,
			);
			runOnlyForDeploymentPostprocessing = 0;
		};
/* End PBXSourcesBuildPhase section */

/* Begin XCBuildConfiguration section */
		D72A92C12C8ED692003B62C8 /* Debug */ = {
			isa = XCBuildConfiguration;
			buildSettings = {
				ALWAYS_SEARCH_USER_PATHS = NO;
				ASSETCATALOG_COMPILER_GENERATE_SWIFT_ASSET_SYMBOL_EXTENSIONS = YES;
				CLANG_ANALYZER_NONNULL = YES;
				CLANG_ANALYZER_NUMBER_OBJECT_CONVERSION = YES_AGGRESSIVE;
				CLANG_CXX_LANGUAGE_STANDARD = "gnu++20";
				CLANG_ENABLE_MODULES = YES;
				CLANG_ENABLE_OBJC_ARC = YES;
				CLANG_ENABLE_OBJC_WEAK = YES;
				CLANG_WARN_BLOCK_CAPTURE_AUTORELEASING = YES;
				CLANG_WARN_BOOL_CONVERSION = YES;
				CLANG_WARN_COMMA = YES;
				CLANG_WARN_CONSTANT_CONVERSION = YES;
				CLANG_WARN_DEPRECATED_OBJC_IMPLEMENTATIONS = YES;
				CLANG_WARN_DIRECT_OBJC_ISA_USAGE = YES_ERROR;
				CLANG_WARN_DOCUMENTATION_COMMENTS = YES;
				CLANG_WARN_EMPTY_BODY = YES;
				CLANG_WARN_ENUM_CONVERSION = YES;
				CLANG_WARN_INFINITE_RECURSION = YES;
				CLANG_WARN_INT_CONVERSION = YES;
				CLANG_WARN_NON_LITERAL_NULL_CONVERSION = YES;
				CLANG_WARN_OBJC_IMPLICIT_RETAIN_SELF = YES;
				CLANG_WARN_OBJC_LITERAL_CONVERSION = YES;
				CLANG_WARN_OBJC_ROOT_CLASS = YES_ERROR;
				CLANG_WARN_QUOTED_INCLUDE_IN_FRAMEWORK_HEADER = YES;
				CLANG_WARN_RANGE_LOOP_ANALYSIS = YES;
				CLANG_WARN_STRICT_PROTOTYPES = YES;
				CLANG_WARN_SUSPICIOUS_MOVE = YES;
				CLANG_WARN_UNGUARDED_AVAILABILITY = YES_AGGRESSIVE;
				CLANG_WARN_UNREACHABLE_CODE = YES;
				CLANG_WARN__DUPLICATE_METHOD_MATCH = YES;
				COPY_PHASE_STRIP = NO;
				DEBUG_INFORMATION_FORMAT = dwarf;
				ENABLE_STRICT_OBJC_MSGSEND = YES;
				ENABLE_TESTABILITY = YES;
				ENABLE_USER_SCRIPT_SANDBOXING = YES;
				GCC_C_LANGUAGE_STANDARD = gnu17;
				GCC_DYNAMIC_NO_PIC = NO;
				GCC_NO_COMMON_BLOCKS = YES;
				GCC_OPTIMIZATION_LEVEL = 0;
				GCC_PREPROCESSOR_DEFINITIONS = (
					"DEBUG=1",
					"$(inherited)",
				);
				GCC_WARN_64_TO_32_BIT_CONVERSION = YES;
				GCC_WARN_ABOUT_RETURN_TYPE = YES_ERROR;
				GCC_WARN_UNDECLARED_SELECTOR = YES;
				GCC_WARN_UNINITIALIZED_AUTOS = YES_AGGRESSIVE;
				GCC_WARN_UNUSED_FUNCTION = YES;
				GCC_WARN_UNUSED_VARIABLE = YES;
				HEADER_SEARCH_PATHS = (
					../inc,
					HeavyPdExportDir/c/,
				);
				LOCALIZATION_PREFERS_STRING_CATALOGS = YES;
				MACOSX_DEPLOYMENT_TARGET = 14.4;
				MTL_ENABLE_DEBUG_INFO = INCLUDE_SOURCE;
				MTL_FAST_MATH = YES;
				ONLY_ACTIVE_ARCH = YES;
				SDKROOT = macosx;
			};
			name = Debug;
		};
		D72A92C22C8ED692003B62C8 /* Release */ = {
			isa = XCBuildConfiguration;
			buildSettings = {
				ALWAYS_SEARCH_USER_PATHS = NO;
				ASSETCATALOG_COMPILER_GENERATE_SWIFT_ASSET_SYMBOL_EXTENSIONS = YES;
				CLANG_ANALYZER_NONNULL = YES;
				CLANG_ANALYZER_NUMBER_OBJECT_CONVERSION = YES_AGGRESSIVE;
				CLANG_CXX_LANGUAGE_STANDARD = "gnu++20";
				CLANG_ENABLE_MODULES = YES;
				CLANG_ENABLE_OBJC_ARC = YES;
				CLANG_ENABLE_OBJC_WEAK = YES;
				CLANG_WARN_BLOCK_CAPTURE_AUTORELEASING = YES;
				CLANG_WARN_BOOL_CONVERSION = YES;
				CLANG_WARN_COMMA = YES;
				CLANG_WARN_CONSTANT_CONVERSION = YES;
				CLANG_WARN_DEPRECATED_OBJC_IMPLEMENTATIONS = YES;
				CLANG_WARN_DIRECT_OBJC_ISA_USAGE = YES_ERROR;
				CLANG_WARN_DOCUMENTATION_COMMENTS = YES;
				CLANG_WARN_EMPTY_BODY = YES;
				CLANG_WARN_ENUM_CONVERSION = YES;
				CLANG_WARN_INFINITE_RECURSION = YES;
				CLANG_WARN_INT_CONVERSION = YES;
				CLANG_WARN_NON_LITERAL_NULL_CONVERSION = YES;
				CLANG_WARN_OBJC_IMPLICIT_RETAIN_SELF = YES;
				CLANG_WARN_OBJC_LITERAL_CONVERSION = YES;
				CLANG_WARN_OBJC_ROOT_CLASS = YES_ERROR;
				CLANG_WARN_QUOTED_INCLUDE_IN_FRAMEWORK_HEADER = YES;
				CLANG_WARN_RANGE_LOOP_ANALYSIS = YES;
				CLANG_WARN_STRICT_PROTOTYPES = YES;
				CLANG_WARN_SUSPICIOUS_MOVE = YES;
				CLANG_WARN_UNGUARDED_AVAILABILITY = YES_AGGRESSIVE;
				CLANG_WARN_UNREACHABLE_CODE = YES;
				CLANG_WARN__DUPLICATE_METHOD_MATCH = YES;
				COPY_PHASE_STRIP = NO;
				DEBUG_INFORMATION_FORMAT = "dwarf-with-dsym";
				ENABLE_NS_ASSERTIONS = NO;
				ENABLE_STRICT_OBJC_MSGSEND = YES;
				ENABLE_USER_SCRIPT_SANDBOXING = YES;
				GCC_C_LANGUAGE_STANDARD = gnu17;
				GCC_NO_COMMON_BLOCKS = YES;
				GCC_WARN_64_TO_32_BIT_CONVERSION = YES;
				GCC_WARN_ABOUT_RETURN_TYPE = YES_ERROR;
				GCC_WARN_UNDECLARED_SELECTOR = YES;
				GCC_WARN_UNINITIALIZED_AUTOS = YES_AGGRESSIVE;
				GCC_WARN_UNUSED_FUNCTION = YES;
				GCC_WARN_UNUSED_VARIABLE = YES;
				HEADER_SEARCH_PATHS = (
					../inc,
					HeavyPdExportDir/c/,
				);
				LOCALIZATION_PREFERS_STRING_CATALOGS = YES;
				MACOSX_DEPLOYMENT_TARGET = 14.4;
				MTL_ENABLE_DEBUG_INFO = NO;
				MTL_FAST_MATH = YES;
				SDKROOT = macosx;
			};
			name = Release;
		};
		D72A92C42C8ED692003B62C8 /* Debug */ = {
			isa = XCBuildConfiguration;
			buildSettings = {
				CODE_SIGN_STYLE = Automatic;
				DEVELOPMENT_TEAM = 8B38T6252F;
				DYLIB_COMPATIBILITY_VERSION = 1;
				DYLIB_CURRENT_VERSION = 1;
				EXECUTABLE_PREFIX = lib;
				PRODUCT_NAME = "$(TARGET_NAME)";
				SKIP_INSTALL = YES;
			};
			name = Debug;
		};
		D72A92C52C8ED692003B62C8 /* Release */ = {
			isa = XCBuildConfiguration;
			buildSettings = {
				CODE_SIGN_STYLE = Automatic;
				DEVELOPMENT_TEAM = 8B38T6252F;
				DYLIB_COMPATIBILITY_VERSION = 1;
				DYLIB_CURRENT_VERSION = 1;
				EXECUTABLE_PREFIX = lib;
				PRODUCT_NAME = "$(TARGET_NAME)";
				SKIP_INSTALL = YES;
			};
			name = Release;
		};
/* End XCBuildConfiguration section */

/* Begin XCConfigurationList section */
		D72A92BA2C8ED691003B62C8 /* Build configuration list for PBXProject "HeavyPd-FMOD-Wrapper" */ = {
			isa = XCConfigurationList;
			buildConfigurations = (
				D72A92C12C8ED692003B62C8 /* Debug */,
				D72A92C22C8ED692003B62C8 /* Release */,
			);
			defaultConfigurationIsVisible = 0;
			defaultConfigurationName = Release;
		};
		D72A92C32C8ED692003B62C8 /* Build configuration list for PBXNativeTarget "HeavyPd-FMOD-Wrapper" */ = {
			isa = XCConfigurationList;
			buildConfigurations = (
				D72A92C42C8ED692003B62C8 /* Debug */,
				D72A92C52C8ED692003B62C8 /* Release */,
			);
			defaultConfigurationIsVisible = 0;
			defaultConfigurationName = Release;
		};
/* End XCConfigurationList section */
	};
	rootObject = D72A92B72C8ED691003B62C8 /* Project object */;
}
